dependencies:
  idf:
    component_hash: null
    source:
      type: idf
    version: 5.2.1
  protocol_examples_common:
    component_hash: null
    source:
      path: C:\Users\HP\esp\v5.2.1\esp-idf\examples\common_components\protocol_examples_common
      type: local
    version: '*'
manifest_hash: 0069c7944008505253c84c118d2f03940f35a750a357217235d9ee854cf6f88c
target: esp32
version: 1.0.0
